
Microsoft Visual Studio Solution File, Format Version 12.00
# Visual Studio Version 16
VisualStudioVersion = 16.0.30114.105
MinimumVisualStudioVersion = 10.0.40219.1
Project("{FAE04EC0-301F-11D3-BF4B-00C04F79EFBC}") = "MaximunAndMinimumThreadPool", "MaximunAndMinimumThreadPool\MaximunAndMinimumThreadPool.csproj", "{06ED4183-8B3A-4343-8E0C-F922DB0675D9}"
EndProject
Global
	GlobalSection(SolutionConfigurationPlatforms) = preSolution
		Debug|Any CPU = Debug|Any CPU
		Release|Any CPU = Release|Any CPU
	EndGlobalSection
	GlobalSection(ProjectConfigurationPlatforms) = postSolution
		{06ED4183-8B3A-4343-8E0C-F922DB0675D9}.Debug|Any CPU.ActiveCfg = Debug|Any CPU
		{06ED4183-8B3A-4343-8E0C-F922DB0675D9}.Debug|Any CPU.Build.0 = Debug|Any CPU
		{06ED4183-8B3A-4343-8E0C-F922DB0675D9}.Release|Any CPU.ActiveCfg = Release|Any CPU
		{06ED4183-8B3A-4343-8E0C-F922DB0675D9}.Release|Any CPU.Build.0 = Release|Any CPU
	EndGlobalSection
	GlobalSection(SolutionProperties) = preSolution
		HideSolutionNode = FALSE
	EndGlobalSection
	GlobalSection(ExtensibilityGlobals) = postSolution
		SolutionGuid = {343F368F-FBFB-42BD-9FCD-F2E2FB6E6AE6}
	EndGlobalSection
EndGlobal
