
Microsoft Visual Studio Solution File, Format Version 12.00
# Visual Studio Version 16
VisualStudioVersion = 16.0.30114.105
MinimumVisualStudioVersion = 10.0.40219.1
Project("{FAE04EC0-301F-11D3-BF4B-00C04F79EFBC}") = "InheritanceExample4", "InheritanceExample4\InheritanceExample4.csproj", "{3AA98B34-2628-4A1C-BE00-08AF9F08AFE7}"
EndProject
Global
	GlobalSection(SolutionConfigurationPlatforms) = preSolution
		Debug|Any CPU = Debug|Any CPU
		Release|Any CPU = Release|Any CPU
	EndGlobalSection
	GlobalSection(ProjectConfigurationPlatforms) = postSolution
		{3AA98B34-2628-4A1C-BE00-08AF9F08AFE7}.Debug|Any CPU.ActiveCfg = Debug|Any CPU
		{3AA98B34-2628-4A1C-BE00-08AF9F08AFE7}.Debug|Any CPU.Build.0 = Debug|Any CPU
		{3AA98B34-2628-4A1C-BE00-08AF9F08AFE7}.Release|Any CPU.ActiveCfg = Release|Any CPU
		{3AA98B34-2628-4A1C-BE00-08AF9F08AFE7}.Release|Any CPU.Build.0 = Release|Any CPU
	EndGlobalSection
	GlobalSection(SolutionProperties) = preSolution
		HideSolutionNode = FALSE
	EndGlobalSection
	GlobalSection(ExtensibilityGlobals) = postSolution
		SolutionGuid = {5E4B573C-A0EB-4039-9D28-457C6775FA75}
	EndGlobalSection
EndGlobal
