
Microsoft Visual Studio Solution File, Format Version 12.00
# Visual Studio Version 16
VisualStudioVersion = 16.0.30114.105
MinimumVisualStudioVersion = 10.0.40219.1
Project("{FAE04EC0-301F-11D3-BF4B-00C04F79EFBC}") = "FileAttributes_project", "FileAttributes_project\FileAttributes_project.csproj", "{CA979C16-AB15-43B1-AA95-D16D7E6B98EE}"
EndProject
Global
	GlobalSection(SolutionConfigurationPlatforms) = preSolution
		Debug|Any CPU = Debug|Any CPU
		Release|Any CPU = Release|Any CPU
	EndGlobalSection
	GlobalSection(ProjectConfigurationPlatforms) = postSolution
		{CA979C16-AB15-43B1-AA95-D16D7E6B98EE}.Debug|Any CPU.ActiveCfg = Debug|Any CPU
		{CA979C16-AB15-43B1-AA95-D16D7E6B98EE}.Debug|Any CPU.Build.0 = Debug|Any CPU
		{CA979C16-AB15-43B1-AA95-D16D7E6B98EE}.Release|Any CPU.ActiveCfg = Release|Any CPU
		{CA979C16-AB15-43B1-AA95-D16D7E6B98EE}.Release|Any CPU.Build.0 = Release|Any CPU
	EndGlobalSection
	GlobalSection(SolutionProperties) = preSolution
		HideSolutionNode = FALSE
	EndGlobalSection
	GlobalSection(ExtensibilityGlobals) = postSolution
		SolutionGuid = {10A3C307-8D08-4CB6-9C5B-289CFB44305F}
	EndGlobalSection
EndGlobal
