
Microsoft Visual Studio Solution File, Format Version 12.00
# Visual Studio Version 16
VisualStudioVersion = 16.0.30114.105
MinimumVisualStudioVersion = 10.0.40219.1
Project("{FAE04EC0-301F-11D3-BF4B-00C04F79EFBC}") = "TaskExample2", "TaskExample2\TaskExample2.csproj", "{737F8633-7358-4780-80D8-91875933BC16}"
EndProject
Global
	GlobalSection(SolutionConfigurationPlatforms) = preSolution
		Debug|Any CPU = Debug|Any CPU
		Release|Any CPU = Release|Any CPU
	EndGlobalSection
	GlobalSection(ProjectConfigurationPlatforms) = postSolution
		{737F8633-7358-4780-80D8-91875933BC16}.Debug|Any CPU.ActiveCfg = Debug|Any CPU
		{737F8633-7358-4780-80D8-91875933BC16}.Debug|Any CPU.Build.0 = Debug|Any CPU
		{737F8633-7358-4780-80D8-91875933BC16}.Release|Any CPU.ActiveCfg = Release|Any CPU
		{737F8633-7358-4780-80D8-91875933BC16}.Release|Any CPU.Build.0 = Release|Any CPU
	EndGlobalSection
	GlobalSection(SolutionProperties) = preSolution
		HideSolutionNode = FALSE
	EndGlobalSection
	GlobalSection(ExtensibilityGlobals) = postSolution
		SolutionGuid = {DB1B0CE8-2D14-4FE4-AA26-E566BD87DCB5}
	EndGlobalSection
EndGlobal
