
Microsoft Visual Studio Solution File, Format Version 12.00
# Visual Studio Version 16
VisualStudioVersion = 16.0.30114.105
MinimumVisualStudioVersion = 10.0.40219.1
Project("{FAE04EC0-301F-11D3-BF4B-00C04F79EFBC}") = "FileInfoOperation_project", "FileInfoOperation_project\FileInfoOperation_project.csproj", "{68C1A596-A540-4CA5-B8B9-2F616A416D81}"
EndProject
Global
	GlobalSection(SolutionConfigurationPlatforms) = preSolution
		Debug|Any CPU = Debug|Any CPU
		Release|Any CPU = Release|Any CPU
	EndGlobalSection
	GlobalSection(ProjectConfigurationPlatforms) = postSolution
		{68C1A596-A540-4CA5-B8B9-2F616A416D81}.Debug|Any CPU.ActiveCfg = Debug|Any CPU
		{68C1A596-A540-4CA5-B8B9-2F616A416D81}.Debug|Any CPU.Build.0 = Debug|Any CPU
		{68C1A596-A540-4CA5-B8B9-2F616A416D81}.Release|Any CPU.ActiveCfg = Release|Any CPU
		{68C1A596-A540-4CA5-B8B9-2F616A416D81}.Release|Any CPU.Build.0 = Release|Any CPU
	EndGlobalSection
	GlobalSection(SolutionProperties) = preSolution
		HideSolutionNode = FALSE
	EndGlobalSection
	GlobalSection(ExtensibilityGlobals) = postSolution
		SolutionGuid = {664F8F53-51D3-4648-98E6-EF9540F08C28}
	EndGlobalSection
EndGlobal
