
Microsoft Visual Studio Solution File, Format Version 12.00
# Visual Studio Version 16
VisualStudioVersion = 16.0.30114.105
MinimumVisualStudioVersion = 10.0.40219.1
Project("{FAE04EC0-301F-11D3-BF4B-00C04F79EFBC}") = "UsingOfEventHandler", "UsingOfEventHandler\UsingOfEventHandler.csproj", "{FA7A1232-4A58-4AA1-B5E6-9F84A60002E5}"
EndProject
Global
	GlobalSection(SolutionConfigurationPlatforms) = preSolution
		Debug|Any CPU = Debug|Any CPU
		Release|Any CPU = Release|Any CPU
	EndGlobalSection
	GlobalSection(ProjectConfigurationPlatforms) = postSolution
		{FA7A1232-4A58-4AA1-B5E6-9F84A60002E5}.Debug|Any CPU.ActiveCfg = Debug|Any CPU
		{FA7A1232-4A58-4AA1-B5E6-9F84A60002E5}.Debug|Any CPU.Build.0 = Debug|Any CPU
		{FA7A1232-4A58-4AA1-B5E6-9F84A60002E5}.Release|Any CPU.ActiveCfg = Release|Any CPU
		{FA7A1232-4A58-4AA1-B5E6-9F84A60002E5}.Release|Any CPU.Build.0 = Release|Any CPU
	EndGlobalSection
	GlobalSection(SolutionProperties) = preSolution
		HideSolutionNode = FALSE
	EndGlobalSection
	GlobalSection(ExtensibilityGlobals) = postSolution
		SolutionGuid = {1E520D08-A1A7-4FA0-80AE-9C8BB9410547}
	EndGlobalSection
EndGlobal
