
Microsoft Visual Studio Solution File, Format Version 12.00
# Visual Studio Version 16
VisualStudioVersion = 16.0.30114.105
MinimumVisualStudioVersion = 10.0.40219.1
Project("{FAE04EC0-301F-11D3-BF4B-00C04F79EFBC}") = "PolymorphsimExample3", "PolymorphsimExample3\PolymorphsimExample3.csproj", "{67BA1E25-23B5-417D-B5D9-47EFAA0E6335}"
EndProject
Global
	GlobalSection(SolutionConfigurationPlatforms) = preSolution
		Debug|Any CPU = Debug|Any CPU
		Release|Any CPU = Release|Any CPU
	EndGlobalSection
	GlobalSection(ProjectConfigurationPlatforms) = postSolution
		{67BA1E25-23B5-417D-B5D9-47EFAA0E6335}.Debug|Any CPU.ActiveCfg = Debug|Any CPU
		{67BA1E25-23B5-417D-B5D9-47EFAA0E6335}.Debug|Any CPU.Build.0 = Debug|Any CPU
		{67BA1E25-23B5-417D-B5D9-47EFAA0E6335}.Release|Any CPU.ActiveCfg = Release|Any CPU
		{67BA1E25-23B5-417D-B5D9-47EFAA0E6335}.Release|Any CPU.Build.0 = Release|Any CPU
	EndGlobalSection
	GlobalSection(SolutionProperties) = preSolution
		HideSolutionNode = FALSE
	EndGlobalSection
	GlobalSection(ExtensibilityGlobals) = postSolution
		SolutionGuid = {FF02C289-D500-4627-92BE-A98D52C45D63}
	EndGlobalSection
EndGlobal
