
Microsoft Visual Studio Solution File, Format Version 12.00
# Visual Studio Version 16
VisualStudioVersion = 16.0.30114.105
MinimumVisualStudioVersion = 10.0.40219.1
Project("{FAE04EC0-301F-11D3-BF4B-00C04F79EFBC}") = "PolymorphismExample2", "PolymorphismExample2\PolymorphismExample2.csproj", "{568C463B-1AD6-4285-8E13-A036B0B3A78D}"
EndProject
Global
	GlobalSection(SolutionConfigurationPlatforms) = preSolution
		Debug|Any CPU = Debug|Any CPU
		Release|Any CPU = Release|Any CPU
	EndGlobalSection
	GlobalSection(ProjectConfigurationPlatforms) = postSolution
		{568C463B-1AD6-4285-8E13-A036B0B3A78D}.Debug|Any CPU.ActiveCfg = Debug|Any CPU
		{568C463B-1AD6-4285-8E13-A036B0B3A78D}.Debug|Any CPU.Build.0 = Debug|Any CPU
		{568C463B-1AD6-4285-8E13-A036B0B3A78D}.Release|Any CPU.ActiveCfg = Release|Any CPU
		{568C463B-1AD6-4285-8E13-A036B0B3A78D}.Release|Any CPU.Build.0 = Release|Any CPU
	EndGlobalSection
	GlobalSection(SolutionProperties) = preSolution
		HideSolutionNode = FALSE
	EndGlobalSection
	GlobalSection(ExtensibilityGlobals) = postSolution
		SolutionGuid = {5AEF67B6-E20A-49DE-AF9E-DA4A04DC76D9}
	EndGlobalSection
EndGlobal
