
Microsoft Visual Studio Solution File, Format Version 12.00
# Visual Studio Version 16
VisualStudioVersion = 16.0.30114.105
MinimumVisualStudioVersion = 10.0.40219.1
Project("{FAE04EC0-301F-11D3-BF4B-00C04F79EFBC}") = "LinqExample3", "LinqExample3\LinqExample3.csproj", "{7AEB26D7-B2A0-46C0-ACF0-EAE8A8158402}"
EndProject
Global
	GlobalSection(SolutionConfigurationPlatforms) = preSolution
		Debug|Any CPU = Debug|Any CPU
		Release|Any CPU = Release|Any CPU
	EndGlobalSection
	GlobalSection(ProjectConfigurationPlatforms) = postSolution
		{7AEB26D7-B2A0-46C0-ACF0-EAE8A8158402}.Debug|Any CPU.ActiveCfg = Debug|Any CPU
		{7AEB26D7-B2A0-46C0-ACF0-EAE8A8158402}.Debug|Any CPU.Build.0 = Debug|Any CPU
		{7AEB26D7-B2A0-46C0-ACF0-EAE8A8158402}.Release|Any CPU.ActiveCfg = Release|Any CPU
		{7AEB26D7-B2A0-46C0-ACF0-EAE8A8158402}.Release|Any CPU.Build.0 = Release|Any CPU
	EndGlobalSection
	GlobalSection(SolutionProperties) = preSolution
		HideSolutionNode = FALSE
	EndGlobalSection
	GlobalSection(ExtensibilityGlobals) = postSolution
		SolutionGuid = {E7C533A0-F63F-4B49-BBAC-C0FDA1B8C671}
	EndGlobalSection
EndGlobal
