
Microsoft Visual Studio Solution File, Format Version 12.00
# Visual Studio Version 16
VisualStudioVersion = 16.0.30114.105
MinimumVisualStudioVersion = 10.0.40219.1
Project("{FAE04EC0-301F-11D3-BF4B-00C04F79EFBC}") = "FileInputOutputOperation_project", "FileInputOutputOperation_project\FileInputOutputOperation_project.csproj", "{00FC0D1E-2A75-41EE-BA38-32BB0EF54A7B}"
EndProject
Global
	GlobalSection(SolutionConfigurationPlatforms) = preSolution
		Debug|Any CPU = Debug|Any CPU
		Release|Any CPU = Release|Any CPU
	EndGlobalSection
	GlobalSection(ProjectConfigurationPlatforms) = postSolution
		{00FC0D1E-2A75-41EE-BA38-32BB0EF54A7B}.Debug|Any CPU.ActiveCfg = Debug|Any CPU
		{00FC0D1E-2A75-41EE-BA38-32BB0EF54A7B}.Debug|Any CPU.Build.0 = Debug|Any CPU
		{00FC0D1E-2A75-41EE-BA38-32BB0EF54A7B}.Release|Any CPU.ActiveCfg = Release|Any CPU
		{00FC0D1E-2A75-41EE-BA38-32BB0EF54A7B}.Release|Any CPU.Build.0 = Release|Any CPU
	EndGlobalSection
	GlobalSection(SolutionProperties) = preSolution
		HideSolutionNode = FALSE
	EndGlobalSection
	GlobalSection(ExtensibilityGlobals) = postSolution
		SolutionGuid = {1BB8BBFB-1DA6-4969-AAC0-EA6B9411536C}
	EndGlobalSection
EndGlobal
