
Microsoft Visual Studio Solution File, Format Version 12.00
# Visual Studio Version 16
VisualStudioVersion = 16.0.30114.105
MinimumVisualStudioVersion = 10.0.40219.1
Project("{FAE04EC0-301F-11D3-BF4B-00C04F79EFBC}") = "MultiThreadingIntoduction", "MultiThreadingIntoduction\MultiThreadingIntoduction.csproj", "{9AD77431-41E2-4A2F-A0AA-FED14F77120F}"
EndProject
Global
	GlobalSection(SolutionConfigurationPlatforms) = preSolution
		Debug|Any CPU = Debug|Any CPU
		Release|Any CPU = Release|Any CPU
	EndGlobalSection
	GlobalSection(ProjectConfigurationPlatforms) = postSolution
		{9AD77431-41E2-4A2F-A0AA-FED14F77120F}.Debug|Any CPU.ActiveCfg = Debug|Any CPU
		{9AD77431-41E2-4A2F-A0AA-FED14F77120F}.Debug|Any CPU.Build.0 = Debug|Any CPU
		{9AD77431-41E2-4A2F-A0AA-FED14F77120F}.Release|Any CPU.ActiveCfg = Release|Any CPU
		{9AD77431-41E2-4A2F-A0AA-FED14F77120F}.Release|Any CPU.Build.0 = Release|Any CPU
	EndGlobalSection
	GlobalSection(SolutionProperties) = preSolution
		HideSolutionNode = FALSE
	EndGlobalSection
	GlobalSection(ExtensibilityGlobals) = postSolution
		SolutionGuid = {66D63789-AFC8-4351-9D51-A16D857BCC83}
	EndGlobalSection
EndGlobal
