
Microsoft Visual Studio Solution File, Format Version 12.00
# Visual Studio Version 16
VisualStudioVersion = 16.0.30114.105
MinimumVisualStudioVersion = 10.0.40219.1
Project("{FAE04EC0-301F-11D3-BF4B-00C04F79EFBC}") = "ConvertJSONStringToDotNetObject", "ConvertJSONStringToDotNetObject\ConvertJSONStringToDotNetObject.csproj", "{04B78B6C-E5DB-43FD-B294-153BCF0D2E72}"
EndProject
Global
	GlobalSection(SolutionConfigurationPlatforms) = preSolution
		Debug|Any CPU = Debug|Any CPU
		Release|Any CPU = Release|Any CPU
	EndGlobalSection
	GlobalSection(ProjectConfigurationPlatforms) = postSolution
		{04B78B6C-E5DB-43FD-B294-153BCF0D2E72}.Debug|Any CPU.ActiveCfg = Debug|Any CPU
		{04B78B6C-E5DB-43FD-B294-153BCF0D2E72}.Debug|Any CPU.Build.0 = Debug|Any CPU
		{04B78B6C-E5DB-43FD-B294-153BCF0D2E72}.Release|Any CPU.ActiveCfg = Release|Any CPU
		{04B78B6C-E5DB-43FD-B294-153BCF0D2E72}.Release|Any CPU.Build.0 = Release|Any CPU
	EndGlobalSection
	GlobalSection(SolutionProperties) = preSolution
		HideSolutionNode = FALSE
	EndGlobalSection
	GlobalSection(ExtensibilityGlobals) = postSolution
		SolutionGuid = {DA2FA883-BB33-4EBF-A90B-41DC94B30FA2}
	EndGlobalSection
EndGlobal
