
Microsoft Visual Studio Solution File, Format Version 12.00
# Visual Studio Version 16
VisualStudioVersion = 16.0.30114.105
MinimumVisualStudioVersion = 10.0.40219.1
Project("{FAE04EC0-301F-11D3-BF4B-00C04F79EFBC}") = "LambdaExample1", "LambdaExample1\LambdaExample1.csproj", "{640162F8-EE7B-4684-A45E-9E228A6C132E}"
EndProject
Global
	GlobalSection(SolutionConfigurationPlatforms) = preSolution
		Debug|Any CPU = Debug|Any CPU
		Release|Any CPU = Release|Any CPU
	EndGlobalSection
	GlobalSection(ProjectConfigurationPlatforms) = postSolution
		{640162F8-EE7B-4684-A45E-9E228A6C132E}.Debug|Any CPU.ActiveCfg = Debug|Any CPU
		{640162F8-EE7B-4684-A45E-9E228A6C132E}.Debug|Any CPU.Build.0 = Debug|Any CPU
		{640162F8-EE7B-4684-A45E-9E228A6C132E}.Release|Any CPU.ActiveCfg = Release|Any CPU
		{640162F8-EE7B-4684-A45E-9E228A6C132E}.Release|Any CPU.Build.0 = Release|Any CPU
	EndGlobalSection
	GlobalSection(SolutionProperties) = preSolution
		HideSolutionNode = FALSE
	EndGlobalSection
	GlobalSection(ExtensibilityGlobals) = postSolution
		SolutionGuid = {C9A1F2A4-F559-4DC5-ABB2-F957548BAC3B}
	EndGlobalSection
EndGlobal
