
Microsoft Visual Studio Solution File, Format Version 12.00
# Visual Studio Version 16
VisualStudioVersion = 16.0.30114.105
MinimumVisualStudioVersion = 10.0.40219.1
Project("{9A19103F-16F7-4668-BE54-9A1E7A4F7556}") = "ExpressionTreeWithLambda", "ExpressionTreeWithLambda\ExpressionTreeWithLambda.csproj", "{30E36B4B-491B-467C-81D7-9308C911D66C}"
EndProject
Project("{FAE04EC0-301F-11D3-BF4B-00C04F79EFBC}") = "EdgeDriverTest1", "EdgeDriverTest1\EdgeDriverTest1.csproj", "{1B63C648-8888-43BF-87C1-266188A4D3A8}"
EndProject
Global
	GlobalSection(SolutionConfigurationPlatforms) = preSolution
		Debug|Any CPU = Debug|Any CPU
		Release|Any CPU = Release|Any CPU
	EndGlobalSection
	GlobalSection(ProjectConfigurationPlatforms) = postSolution
		{30E36B4B-491B-467C-81D7-9308C911D66C}.Debug|Any CPU.ActiveCfg = Debug|Any CPU
		{30E36B4B-491B-467C-81D7-9308C911D66C}.Debug|Any CPU.Build.0 = Debug|Any CPU
		{30E36B4B-491B-467C-81D7-9308C911D66C}.Release|Any CPU.ActiveCfg = Release|Any CPU
		{30E36B4B-491B-467C-81D7-9308C911D66C}.Release|Any CPU.Build.0 = Release|Any CPU
		{1B63C648-8888-43BF-87C1-266188A4D3A8}.Debug|Any CPU.ActiveCfg = Debug|Any CPU
		{1B63C648-8888-43BF-87C1-266188A4D3A8}.Debug|Any CPU.Build.0 = Debug|Any CPU
		{1B63C648-8888-43BF-87C1-266188A4D3A8}.Release|Any CPU.ActiveCfg = Release|Any CPU
		{1B63C648-8888-43BF-87C1-266188A4D3A8}.Release|Any CPU.Build.0 = Release|Any CPU
	EndGlobalSection
	GlobalSection(SolutionProperties) = preSolution
		HideSolutionNode = FALSE
	EndGlobalSection
	GlobalSection(ExtensibilityGlobals) = postSolution
		SolutionGuid = {CE33B228-D69E-46B6-BCED-D2301D8253D0}
	EndGlobalSection
EndGlobal
