
Microsoft Visual Studio Solution File, Format Version 12.00
# Visual Studio Version 16
VisualStudioVersion = 16.0.30114.105
MinimumVisualStudioVersion = 10.0.40219.1
Project("{9A19103F-16F7-4668-BE54-9A1E7A4F7556}") = "Polymorphism2", "Polymorphism2\Polymorphism2.csproj", "{E4EA2FB8-947B-4B7E-A849-C3DE3A2D84CF}"
EndProject
Global
	GlobalSection(SolutionConfigurationPlatforms) = preSolution
		Debug|Any CPU = Debug|Any CPU
		Release|Any CPU = Release|Any CPU
	EndGlobalSection
	GlobalSection(ProjectConfigurationPlatforms) = postSolution
		{E4EA2FB8-947B-4B7E-A849-C3DE3A2D84CF}.Debug|Any CPU.ActiveCfg = Debug|Any CPU
		{E4EA2FB8-947B-4B7E-A849-C3DE3A2D84CF}.Debug|Any CPU.Build.0 = Debug|Any CPU
		{E4EA2FB8-947B-4B7E-A849-C3DE3A2D84CF}.Release|Any CPU.ActiveCfg = Release|Any CPU
		{E4EA2FB8-947B-4B7E-A849-C3DE3A2D84CF}.Release|Any CPU.Build.0 = Release|Any CPU
	EndGlobalSection
	GlobalSection(SolutionProperties) = preSolution
		HideSolutionNode = FALSE
	EndGlobalSection
	GlobalSection(ExtensibilityGlobals) = postSolution
		SolutionGuid = {BFBDCE02-AC0C-47DE-8570-D7B71848B13D}
	EndGlobalSection
EndGlobal
