
Microsoft Visual Studio Solution File, Format Version 12.00
# Visual Studio Version 16
VisualStudioVersion = 16.0.30114.105
MinimumVisualStudioVersion = 10.0.40219.1
Project("{FAE04EC0-301F-11D3-BF4B-00C04F79EFBC}") = "AbstractionExample3", "AbstractionExample3\AbstractionExample3.csproj", "{663C88F2-C6E2-4EC9-8320-E897C3863FF5}"
EndProject
Global
	GlobalSection(SolutionConfigurationPlatforms) = preSolution
		Debug|Any CPU = Debug|Any CPU
		Release|Any CPU = Release|Any CPU
	EndGlobalSection
	GlobalSection(ProjectConfigurationPlatforms) = postSolution
		{663C88F2-C6E2-4EC9-8320-E897C3863FF5}.Debug|Any CPU.ActiveCfg = Debug|Any CPU
		{663C88F2-C6E2-4EC9-8320-E897C3863FF5}.Debug|Any CPU.Build.0 = Debug|Any CPU
		{663C88F2-C6E2-4EC9-8320-E897C3863FF5}.Release|Any CPU.ActiveCfg = Release|Any CPU
		{663C88F2-C6E2-4EC9-8320-E897C3863FF5}.Release|Any CPU.Build.0 = Release|Any CPU
	EndGlobalSection
	GlobalSection(SolutionProperties) = preSolution
		HideSolutionNode = FALSE
	EndGlobalSection
	GlobalSection(ExtensibilityGlobals) = postSolution
		SolutionGuid = {D78D8AF3-FC80-4A86-816C-03F750CDD0C6}
	EndGlobalSection
EndGlobal
