
Microsoft Visual Studio Solution File, Format Version 12.00
# Visual Studio Version 16
VisualStudioVersion = 16.0.30114.105
MinimumVisualStudioVersion = 10.0.40219.1
Project("{FAE04EC0-301F-11D3-BF4B-00C04F79EFBC}") = "LinqToXMLExample1", "LinqToXMLExample1\LinqToXMLExample1.csproj", "{7AF51C89-E507-4488-81C5-03D53C6441AE}"
EndProject
Global
	GlobalSection(SolutionConfigurationPlatforms) = preSolution
		Debug|Any CPU = Debug|Any CPU
		Release|Any CPU = Release|Any CPU
	EndGlobalSection
	GlobalSection(ProjectConfigurationPlatforms) = postSolution
		{7AF51C89-E507-4488-81C5-03D53C6441AE}.Debug|Any CPU.ActiveCfg = Debug|Any CPU
		{7AF51C89-E507-4488-81C5-03D53C6441AE}.Debug|Any CPU.Build.0 = Debug|Any CPU
		{7AF51C89-E507-4488-81C5-03D53C6441AE}.Release|Any CPU.ActiveCfg = Release|Any CPU
		{7AF51C89-E507-4488-81C5-03D53C6441AE}.Release|Any CPU.Build.0 = Release|Any CPU
	EndGlobalSection
	GlobalSection(SolutionProperties) = preSolution
		HideSolutionNode = FALSE
	EndGlobalSection
	GlobalSection(ExtensibilityGlobals) = postSolution
		SolutionGuid = {2E3418EA-2063-4AAC-8559-1F8C075F32E7}
	EndGlobalSection
EndGlobal
